
Microsoft Visual Studio Solution File, Format Version 12.00
# Visual Studio Version 16
VisualStudioVersion = 16.0.31515.178
MinimumVisualStudioVersion = 10.0.40219.1
Project("{9A19103F-16F7-4668-BE54-9A1E7A4F7556}") = "CargaBd.API", "CargaBd.API\CargaBd.API.csproj", "{1A0E5DC1-7D41-495A-B9E4-DF8343D8B59D}"
EndProject
Global
	GlobalSection(SolutionConfigurationPlatforms) = preSolution
		Debug|Any CPU = Debug|Any CPU
		Release|Any CPU = Release|Any CPU
	EndGlobalSection
	GlobalSection(ProjectConfigurationPlatforms) = postSolution
		{1A0E5DC1-7D41-495A-B9E4-DF8343D8B59D}.Debug|Any CPU.ActiveCfg = Debug|Any CPU
		{1A0E5DC1-7D41-495A-B9E4-DF8343D8B59D}.Debug|Any CPU.Build.0 = Debug|Any CPU
		{1A0E5DC1-7D41-495A-B9E4-DF8343D8B59D}.Release|Any CPU.ActiveCfg = Release|Any CPU
		{1A0E5DC1-7D41-495A-B9E4-DF8343D8B59D}.Release|Any CPU.Build.0 = Release|Any CPU
	EndGlobalSection
	GlobalSection(SolutionProperties) = preSolution
		HideSolutionNode = FALSE
	EndGlobalSection
	GlobalSection(ExtensibilityGlobals) = postSolution
		SolutionGuid = {6B4AA321-F40E-42DE-851E-FFCBDC02518B}
	EndGlobalSection
EndGlobal
